
Microsoft Visual Studio Solution File, Format Version 12.00
# Visual Studio 15
VisualStudioVersion = 15.0.27130.2020
MinimumVisualStudioVersion = 10.0.40219.1
Project("{9A19103F-16F7-4668-BE54-9A1E7A4F7556}") = "Auth.Domain", "Auth.Domain\Auth.Domain.csproj", "{2E312BD9-295D-4A23-8B49-C6E0B7C64DCC}"
EndProject
Project("{9A19103F-16F7-4668-BE54-9A1E7A4F7556}") = "Auth.Data", "Auth.Data\Auth.Data.csproj", "{441FFD34-457D-4177-8395-38DA893895CF}"
EndProject
Project("{9A19103F-16F7-4668-BE54-9A1E7A4F7556}") = "Auth.API", "Auth.API\Auth.API.csproj", "{3A4D57D7-1B6B-484C-AB75-725033990A3E}"
EndProject
Project("{9A19103F-16F7-4668-BE54-9A1E7A4F7556}") = "Auth.Client", "Auth.Client\Auth.Client.csproj", "{1968A6F5-DF9E-4AD0-B29C-73420607C22D}"
EndProject
Project("{9A19103F-16F7-4668-BE54-9A1E7A4F7556}") = "Auth.Server", "Auth.Server\Auth.Server.csproj", "{773F646F-4ED0-41F7-9606-4FDEAF363A2C}"
EndProject
Project("{2150E333-8FDC-42A3-9474-1A3956D46DE8}") = "Server", "Server", "{6DE8CC80-B456-4EFF-B105-038D1ADC70B1}"
EndProject
Project("{2150E333-8FDC-42A3-9474-1A3956D46DE8}") = "Data", "Data", "{636833CC-C173-4D45-B93A-0DEAF6020832}"
EndProject
Project("{2150E333-8FDC-42A3-9474-1A3956D46DE8}") = "Clients", "Clients", "{C08C1019-8012-4BF5-8B40-9362775286DD}"
EndProject
Project("{2150E333-8FDC-42A3-9474-1A3956D46DE8}") = "API", "API", "{CBAA5E45-1107-4593-8E52-293D8790EF83}"
EndProject
Project("{FAE04EC0-301F-11D3-BF4B-00C04F79EFBC}") = "Auth.ConsoleClient", "Auth.ConsoleClient\Auth.ConsoleClient.csproj", "{931A0305-0E6A-480C-9924-C960F84797D9}"
EndProject
Project("{FAE04EC0-301F-11D3-BF4B-00C04F79EFBC}") = "Auth.ConsoleResourceOwnerClient", "Auth.ConsoleResourceOwnerClient\Auth.ConsoleResourceOwnerClient.csproj", "{3B87A41A-4A1A-4BFA-B11A-7088F5CA6EEF}"
EndProject
Global
	GlobalSection(SolutionConfigurationPlatforms) = preSolution
		Debug|Any CPU = Debug|Any CPU
		Release|Any CPU = Release|Any CPU
	EndGlobalSection
	GlobalSection(ProjectConfigurationPlatforms) = postSolution
		{2E312BD9-295D-4A23-8B49-C6E0B7C64DCC}.Debug|Any CPU.ActiveCfg = Debug|Any CPU
		{2E312BD9-295D-4A23-8B49-C6E0B7C64DCC}.Debug|Any CPU.Build.0 = Debug|Any CPU
		{2E312BD9-295D-4A23-8B49-C6E0B7C64DCC}.Release|Any CPU.ActiveCfg = Release|Any CPU
		{2E312BD9-295D-4A23-8B49-C6E0B7C64DCC}.Release|Any CPU.Build.0 = Release|Any CPU
		{441FFD34-457D-4177-8395-38DA893895CF}.Debug|Any CPU.ActiveCfg = Debug|Any CPU
		{441FFD34-457D-4177-8395-38DA893895CF}.Debug|Any CPU.Build.0 = Debug|Any CPU
		{441FFD34-457D-4177-8395-38DA893895CF}.Release|Any CPU.ActiveCfg = Release|Any CPU
		{441FFD34-457D-4177-8395-38DA893895CF}.Release|Any CPU.Build.0 = Release|Any CPU
		{3A4D57D7-1B6B-484C-AB75-725033990A3E}.Debug|Any CPU.ActiveCfg = Debug|Any CPU
		{3A4D57D7-1B6B-484C-AB75-725033990A3E}.Debug|Any CPU.Build.0 = Debug|Any CPU
		{3A4D57D7-1B6B-484C-AB75-725033990A3E}.Release|Any CPU.ActiveCfg = Release|Any CPU
		{3A4D57D7-1B6B-484C-AB75-725033990A3E}.Release|Any CPU.Build.0 = Release|Any CPU
		{1968A6F5-DF9E-4AD0-B29C-73420607C22D}.Debug|Any CPU.ActiveCfg = Debug|Any CPU
		{1968A6F5-DF9E-4AD0-B29C-73420607C22D}.Debug|Any CPU.Build.0 = Debug|Any CPU
		{1968A6F5-DF9E-4AD0-B29C-73420607C22D}.Release|Any CPU.ActiveCfg = Release|Any CPU
		{1968A6F5-DF9E-4AD0-B29C-73420607C22D}.Release|Any CPU.Build.0 = Release|Any CPU
		{773F646F-4ED0-41F7-9606-4FDEAF363A2C}.Debug|Any CPU.ActiveCfg = Debug|Any CPU
		{773F646F-4ED0-41F7-9606-4FDEAF363A2C}.Debug|Any CPU.Build.0 = Debug|Any CPU
		{773F646F-4ED0-41F7-9606-4FDEAF363A2C}.Release|Any CPU.ActiveCfg = Release|Any CPU
		{773F646F-4ED0-41F7-9606-4FDEAF363A2C}.Release|Any CPU.Build.0 = Release|Any CPU
		{931A0305-0E6A-480C-9924-C960F84797D9}.Debug|Any CPU.ActiveCfg = Debug|Any CPU
		{931A0305-0E6A-480C-9924-C960F84797D9}.Debug|Any CPU.Build.0 = Debug|Any CPU
		{931A0305-0E6A-480C-9924-C960F84797D9}.Release|Any CPU.ActiveCfg = Release|Any CPU
		{931A0305-0E6A-480C-9924-C960F84797D9}.Release|Any CPU.Build.0 = Release|Any CPU
		{3B87A41A-4A1A-4BFA-B11A-7088F5CA6EEF}.Debug|Any CPU.ActiveCfg = Debug|Any CPU
		{3B87A41A-4A1A-4BFA-B11A-7088F5CA6EEF}.Debug|Any CPU.Build.0 = Debug|Any CPU
		{3B87A41A-4A1A-4BFA-B11A-7088F5CA6EEF}.Release|Any CPU.ActiveCfg = Release|Any CPU
		{3B87A41A-4A1A-4BFA-B11A-7088F5CA6EEF}.Release|Any CPU.Build.0 = Release|Any CPU
	EndGlobalSection
	GlobalSection(SolutionProperties) = preSolution
		HideSolutionNode = FALSE
	EndGlobalSection
	GlobalSection(NestedProjects) = preSolution
		{2E312BD9-295D-4A23-8B49-C6E0B7C64DCC} = {636833CC-C173-4D45-B93A-0DEAF6020832}
		{441FFD34-457D-4177-8395-38DA893895CF} = {636833CC-C173-4D45-B93A-0DEAF6020832}
		{3A4D57D7-1B6B-484C-AB75-725033990A3E} = {CBAA5E45-1107-4593-8E52-293D8790EF83}
		{1968A6F5-DF9E-4AD0-B29C-73420607C22D} = {C08C1019-8012-4BF5-8B40-9362775286DD}
		{773F646F-4ED0-41F7-9606-4FDEAF363A2C} = {6DE8CC80-B456-4EFF-B105-038D1ADC70B1}
		{931A0305-0E6A-480C-9924-C960F84797D9} = {C08C1019-8012-4BF5-8B40-9362775286DD}
		{3B87A41A-4A1A-4BFA-B11A-7088F5CA6EEF} = {C08C1019-8012-4BF5-8B40-9362775286DD}
	EndGlobalSection
	GlobalSection(ExtensibilityGlobals) = postSolution
		SolutionGuid = {3AAE71FA-04E5-484E-9B5A-E986AA1C32A8}
	EndGlobalSection
EndGlobal
